{
  "component_version": "1.0.0",
  "framework_version": "2.0.0-alpha1",
  "generated_at": "2026-07-15T14:02:36Z",
  "files": {
    "src/Foundation/Application.php": "799f1793ba3d9596e82f8ac5ea45360150af3be19852be3bf48501325b062d32",
    "src/Foundation/BootResult.php": "2f256b64baa0472e5707507d2dba4a5090c1f1e6e3069b1be1ed734e87130378",
    "src/Foundation/BootStage.php": "c73ccd590f7169c543e8ea411c78a82418a026007ec5fe3071075c4681c09876",
    "src/Foundation/Bootstrap.php": "b2fa9d4a71290b7fc4f2f2b991451aecf6e626e38ed50c7ef8a4cdbcfbd8504c",
    "src/Foundation/CHANGELOG.md": "2f7d945bbaa0e17f6fb66b83c6ef96398d43f9a59bfdc88491409b7d81e5b898",
    "src/Foundation/component.json": "15db57cd47359a370b9747d67da924c26602269042e567eb416d9552ac2de1b7",
    "src/Foundation/Contracts/ApplicationInterface.php": "61912162483f5e275d743eea3e9f3dd2cbd8f39babe1278ec66341ab2e93f44b",
    "src/Foundation/Contracts/BootstrapInterface.php": "63b6e60f5cf55a03c212ff1af271759e9d5fda32c1d86e8883f314f5927cd747",
    "src/Foundation/Contracts/EnvironmentInterface.php": "1aaf4f9e4b1f56c9b83d946ce252a02b7b5b8b0e0b94d4a4a17cd95581949394",
    "src/Foundation/Contracts/KernelInterface.php": "c9c7d79c20289ea37fa8e5dac8ba8d3b0b132b22a773ca2d0e20e47c0d671e12",
    "src/Foundation/Contracts/LifecycleInterface.php": "f98fa865a3cbbbe0551bcc8810b4efe317ac26a7e38fac5eaed3bf123a991a97",
    "src/Foundation/Contracts/RuntimeInterface.php": "1e9c0ace294c8423e825cae0f2fd8ff6c976d7590181a4510a71ae69322cf210",
    "src/Foundation/Contracts/ServiceProviderInterface.php": "d766d2cb39a9cfcdcea6e1118e055088796c33289ed93dd9879ac57102ff0698",
    "src/Foundation/DTO/BootError.php": "806248cd5baa8d2762319e143de5d20126dc33a16a8762e4ac1e7e422f9b10e5",
    "src/Foundation/DTO/BootWarning.php": "88bb2140623dd92278a78df5929c13daebc9d1ed3c50df9a1132010d81ad441b",
    "src/Foundation/Environment.php": "7316fd166191df421538df59637b1e00b76f61a9d71fd352191aa817e179f8c4",
    "src/Foundation/Exceptions/BootstrapException.php": "64775137ae91e37c0c969258c10d126198df08dfa843dfed8a02a46786b22307",
    "src/Foundation/Exceptions/DuplicateServiceProviderException.php": "2b6c48165dc24b82c1fc07c1a365de9453dfd927481b51058b5301049ff3fdf0",
    "src/Foundation/Exceptions/FoundationException.php": "ea874b546e51de1cf5350636dc150f4e75ac497850cc4b2a8f45b6f32e795644",
    "src/Foundation/Exceptions/InvalidBootResultException.php": "5b7c0d67b6c2688cf78181733f9a6783e2a6e2ef828da9a972d936c15821b155",
    "src/Foundation/Exceptions/InvalidRuntimeTransitionException.php": "0ea073c6c3bc5e4d0d085fc492bfcd50d40854445c870658dd3c3eaf9a696eef",
    "src/Foundation/Exceptions/KernelBootException.php": "be2833f24208e2a354f223ff05c70578960579321b20e07af2a7cfe26f4b1f0e",
    "src/Foundation/Exceptions/RuntimeException.php": "013da3c6e1d6d05beb5e2945796a83b8e11e769ac1abb536d4d518d2c07c94fa",
    "src/Foundation/Exceptions/ServiceProviderNotFoundException.php": "ddbc762ff65d9647e23a0dbec04738411bbd1c2890f94d260380796cc9aa8b57",
    "src/Foundation/Framework.php": "c49ab7539283dfdfc5c2bafdc0f2306e154a57b9175dd70b818c11ab3f5a8531",
    "src/Foundation/Kernel.php": "cdbb725f45de6f2ea60f2ad28cd4c7aec5e4b4cdb91328987a8546d7bccce75a",
    "src/Foundation/Lifecycle.php": "9102cb5c68c58d515fc75882413948b96721cf83261edd49a84fe63426073900",
    "src/Foundation/README.md": "9aa24891c1dfb55d2dd7d352dcf43e05b34a2bd27542a4ddd0523b2588623f5c",
    "src/Foundation/Runtime.php": "9dfdf4d95975e72bd5c76ed044b63dc3454200f621b22557c7b630bbd4c661af",
    "src/Foundation/RuntimeState.php": "9a6d292f241fa3352cef2ddaddb0560e00c142512ca6e6dfbfc2f5cf27c76fea",
    "src/Foundation/ServiceProvider.php": "c0b5c2c10f6f81bc19a87f14d016a00307a78b8730457ba3bbc2e87f5a375cd5",
    "src/Foundation/ServiceProviderCollection.php": "5270a84c2a10e8425ab1c5a8454252292640f3843e22ce0546894a6faf66ba9f",
    "tests/Foundation/Fixtures/FirstRecordingProvider.php": "6b8a945def538cdbfd8ec598742b77e3895f4cc89b63e827e66c59cc029706cb",
    "tests/Foundation/Fixtures/OperationLog.php": "36b4cac8104747b07936ee4aa154df3abb092d92f0fd36abcb82956cb1d1eae7",
    "tests/Foundation/Fixtures/RecordingProvider.php": "ea1c5da92eeb090cd7a6e97250a7b69b7b82ac38379f99ce722db1e7bb577d4c",
    "tests/Foundation/Fixtures/SecondRecordingProvider.php": "331bed460e153cbfce7009228ca4583333b453ade419ddd236cb55c633baadd6",
    "tests/Foundation/Fixtures/ThirdRecordingProvider.php": "2811a7f7b0c7a41850f70d08ae057074d18f548b2546e62ef5eea7a9cb9040f3",
    "tests/Foundation/Integration/ServiceProviderLifecycleTest.php": "f3fb5aff0e28c67269e8ce60359325917c2f5281f7e37a52e844e71df5849516",
    "tests/Foundation/Unit/LifecycleOrchestrationTest.php": "e69e4e31a6c71ae8ee2d524dc29e2241b2150a45bcdd7185fe2ece6b35126d4e",
    "tests/Foundation/Unit/ServiceProviderCollectionTest.php": "5ba433fff0a52a6a9303d72e6c33d3dccab4b1eb65daf415cfa4967934a6276e"
  },
  "development_tools": {
    "php": "8.2.32",
    "phpunit": "10.5.64",
    "phpstan": "1.12.33",
    "composer": "2.4.1"
  },
  "test_summary": {
    "tests": 22,
    "assertions": 73,
    "status": "pass",
    "coverage": "not measured: Xdebug and PCOV unavailable"
  }
}
