{
  "component_version": "1.0.0",
  "framework_version": "2.0.0-alpha1",
  "generated_at": "2026-07-15T13:37:58Z",
  "files": {
    "src/Foundation/Application.php": "c74f7b0a579cb654a55becc08636686f1fa59f5a87289db0bd82b605bd77cce6",
    "src/Foundation/BootResult.php": "2f256b64baa0472e5707507d2dba4a5090c1f1e6e3069b1be1ed734e87130378",
    "src/Foundation/BootStage.php": "c73ccd590f7169c543e8ea411c78a82418a026007ec5fe3071075c4681c09876",
    "src/Foundation/Bootstrap.php": "f8617aa11a7524eae1d714509cc5afe47c2cec7a9fdb16557e5212cad5adff7c",
    "src/Foundation/Contracts/ApplicationInterface.php": "6eb81199c38748c950537a9e063a57e4cfb8581b4db763e8883fac01be976a11",
    "src/Foundation/Contracts/BootstrapInterface.php": "63b6e60f5cf55a03c212ff1af271759e9d5fda32c1d86e8883f314f5927cd747",
    "src/Foundation/Contracts/EnvironmentInterface.php": "1aaf4f9e4b1f56c9b83d946ce252a02b7b5b8b0e0b94d4a4a17cd95581949394",
    "src/Foundation/Contracts/KernelInterface.php": "c9c7d79c20289ea37fa8e5dac8ba8d3b0b132b22a773ca2d0e20e47c0d671e12",
    "src/Foundation/Contracts/LifecycleInterface.php": "c941defaa5f4819c1e649afd2e4ad9ae9b19e66fe122de58b51deded46d62ce8",
    "src/Foundation/Contracts/RuntimeInterface.php": "1e9c0ace294c8423e825cae0f2fd8ff6c976d7590181a4510a71ae69322cf210",
    "src/Foundation/DTO/BootError.php": "806248cd5baa8d2762319e143de5d20126dc33a16a8762e4ac1e7e422f9b10e5",
    "src/Foundation/DTO/BootWarning.php": "88bb2140623dd92278a78df5929c13daebc9d1ed3c50df9a1132010d81ad441b",
    "src/Foundation/Environment.php": "7316fd166191df421538df59637b1e00b76f61a9d71fd352191aa817e179f8c4",
    "src/Foundation/Exceptions/BootstrapException.php": "64775137ae91e37c0c969258c10d126198df08dfa843dfed8a02a46786b22307",
    "src/Foundation/Exceptions/FoundationException.php": "ea874b546e51de1cf5350636dc150f4e75ac497850cc4b2a8f45b6f32e795644",
    "src/Foundation/Exceptions/InvalidBootResultException.php": "5b7c0d67b6c2688cf78181733f9a6783e2a6e2ef828da9a972d936c15821b155",
    "src/Foundation/Exceptions/InvalidRuntimeTransitionException.php": "0ea073c6c3bc5e4d0d085fc492bfcd50d40854445c870658dd3c3eaf9a696eef",
    "src/Foundation/Exceptions/KernelBootException.php": "be2833f24208e2a354f223ff05c70578960579321b20e07af2a7cfe26f4b1f0e",
    "src/Foundation/Exceptions/RuntimeException.php": "013da3c6e1d6d05beb5e2945796a83b8e11e769ac1abb536d4d518d2c07c94fa",
    "src/Foundation/Framework.php": "c49ab7539283dfdfc5c2bafdc0f2306e154a57b9175dd70b818c11ab3f5a8531",
    "src/Foundation/Kernel.php": "ae5879f3da01a4c4431bbef5c8fa716869ed31dc94e86d6173af2f119732fc08",
    "src/Foundation/Lifecycle.php": "38bc5dd80772c387c513fe7cf5ebfcab17ef5f9dc3cdb2845f06a471b266c609",
    "src/Foundation/Runtime.php": "9dfdf4d95975e72bd5c76ed044b63dc3454200f621b22557c7b630bbd4c661af",
    "src/Foundation/RuntimeState.php": "9a6d292f241fa3352cef2ddaddb0560e00c142512ca6e6dfbfc2f5cf27c76fea",
    "tests/Foundation/Unit/LifecycleOrchestrationTest.php": "e69e4e31a6c71ae8ee2d524dc29e2241b2150a45bcdd7185fe2ece6b35126d4e"
  },
  "development_tools": {"phpunit": "10.5.64", "phpstan": "1.12.33", "composer": "2.4.1"},
  "test_summary": {"tests": 13, "assertions": 35, "status": "pass", "runtime": "PHP 8.2.32"}
}
